github.com/dustin/go-humanize v1.0.1 h1:GzkhY7T5VNhEkwH0PVJgjz+fX1rhBrR7pRT3mDkpeCY=
github.com/dustin/go-humanize v1.0.1/go.mod h1:Mu1zIs6XwVuF/gI1OepvI0qD18qycQx+mFykh5fBlto=
github.com/netresearch/go-cron v0.16.0 h1:b14Vnfobzm8pyBuyqbVvyV4xAi3DDREJz+5mzWil8Ew=
github.com/netresearch/go-cron v0.16.0/go.mod h1:IADGFX1B9VxD6hc1WdmXjhRwe2g3SKIAEbEZQ/ON8Oo=
golang.org/x/oauth2 v0.36.0 h1:peZ/1z27fi9hUOFCAZaHyrpWG5lwe0RJEEEeH0ThlIs=
golang.org/x/oauth2 v0.36.0/go.mod h1:YDBUJMTkDnJS+A4BP4eZBjCqtokkg1hODuPjwiGPO7Q=
